
Microsoft Visual Studio Solution File, Format Version 12.00
# Visual Studio 15
VisualStudioVersion = 15.0.28010.2036
MinimumVisualStudioVersion = 10.0.40219.1
Project("{FAE04EC0-301F-11D3-BF4B-00C04F79EFBC}") = "WPFUI", "WPFUI\WPFUI.csproj", "{D35E1ABF-9166-42DC-8351-5FDFCD32FE60}"
EndProject
Global
	GlobalSection(SolutionConfigurationPlatforms) = preSolution
		Debug|Any CPU = Debug|Any CPU
		Release|Any CPU = Release|Any CPU
	EndGlobalSection
	GlobalSection(ProjectConfigurationPlatforms) = postSolution
		{D35E1ABF-9166-42DC-8351-5FDFCD32FE60}.Debug|Any CPU.ActiveCfg = Debug|Any CPU
		{D35E1ABF-9166-42DC-8351-5FDFCD32FE60}.Debug|Any CPU.Build.0 = Debug|Any CPU
		{D35E1ABF-9166-42DC-8351-5FDFCD32FE60}.Release|Any CPU.ActiveCfg = Release|Any CPU
		{D35E1ABF-9166-42DC-8351-5FDFCD32FE60}.Release|Any CPU.Build.0 = Release|Any CPU
	EndGlobalSection
	GlobalSection(SolutionProperties) = preSolution
		HideSolutionNode = FALSE
	EndGlobalSection
	GlobalSection(ExtensibilityGlobals) = postSolution
		SolutionGuid = {51A533B4-CFBF-41AE-BD0F-416ED07AE2A0}
	EndGlobalSection
EndGlobal
